
Microsoft Visual Studio Solution File, Format Version 12.00
# Visual Studio 15
VisualStudioVersion = 15.0.28307.329
MinimumVisualStudioVersion = 10.0.40219.1
Project("{FAE04EC0-301F-11D3-BF4B-00C04F79EFBC}") = "SocialMediaReader", "SocialMediaReader\SocialMediaReader.csproj", "{C4DAC562-32E3-439A-8D3E-3D9D2A537545}"
EndProject
Global
	GlobalSection(SolutionConfigurationPlatforms) = preSolution
		Debug|Any CPU = Debug|Any CPU
		Release|Any CPU = Release|Any CPU
	EndGlobalSection
	GlobalSection(ProjectConfigurationPlatforms) = postSolution
		{C4DAC562-32E3-439A-8D3E-3D9D2A537545}.Debug|Any CPU.ActiveCfg = Debug|Any CPU
		{C4DAC562-32E3-439A-8D3E-3D9D2A537545}.Debug|Any CPU.Build.0 = Debug|Any CPU
		{C4DAC562-32E3-439A-8D3E-3D9D2A537545}.Release|Any CPU.ActiveCfg = Release|Any CPU
		{C4DAC562-32E3-439A-8D3E-3D9D2A537545}.Release|Any CPU.Build.0 = Release|Any CPU
	EndGlobalSection
	GlobalSection(SolutionProperties) = preSolution
		HideSolutionNode = FALSE
	EndGlobalSection
	GlobalSection(ExtensibilityGlobals) = postSolution
		SolutionGuid = {07A34563-2309-4EB5-8535-8EF9DE6CA56A}
	EndGlobalSection
EndGlobal
